// !$*UTF8*$!
{
	archiveVersion = 1;
	classes = {
	};
	objectVersion = 46;
	objects = {

/* Begin PBXBuildFile section */
		6471D9E11AA180A700C5133B /* main.m in Sources */ = {isa = PBXBuildFile; fileRef = 6471D9E01AA180A700C5133B /* main.m */; };
		6471D9E41AA180A700C5133B /* AppDelegate.m in Sources */ = {isa = PBXBuildFile; fileRef = 6471D9E31AA180A700C5133B /* AppDelegate.m */; };
		6471D9E71AA180A700C5133B /* ViewController.m in Sources */ = {isa = PBXBuildFile; fileRef = 6471D9E61AA180A700C5133B /* ViewController.m */; };
		6471D9EA1AA180A700C5133B /* Main.storyboard in Resources */ = {isa = PBXBuildFile; fileRef = 6471D9E81AA180A700C5133B /* Main.storyboard */; };
		6471D9EC1AA180A700C5133B /* Images.xcassets in Resources */ = {isa = PBXBuildFile; fileRef = 6471D9EB1AA180A700C5133B /* Images.xcassets */; };
		6471D9EF1AA180A700C5133B /* LaunchScreen.xib in Resources */ = {isa = PBXBuildFile; fileRef = 6471D9ED1AA180A700C5133B /* LaunchScreen.xib */; };
		6471D9FB1AA180A800C5133B /* ALAlertTests.m in Sources */ = {isa = PBXBuildFile; fileRef = 6471D9FA1AA180A800C5133B /* ALAlertTests.m */; };
		6471DA071AA1811800C5133B /* ALAlertView.m in Sources */ = {isa = PBXBuildFile; fileRef = 6471DA051AA1811800C5133B /* ALAlertView.m */; };
		6471DA081AA1811800C5133B /* ALAlertView.xib in Resources */ = {isa = PBXBuildFile; fileRef = 6471DA061AA1811800C5133B /* ALAlertView.xib */; };
/* End PBXBuildFile section */

/* Begin PBXContainerItemProxy section */
		6471D9F51AA180A800C5133B /* PBXContainerItemProxy */ = {
			isa = PBXContainerItemProxy;
			containerPortal = 6471D9D31AA180A700C5133B /* Project object */;
			proxyType = 1;
			remoteGlobalIDString = 6471D9DA1AA180A700C5133B;
			remoteInfo = ALAlert;
		};
/* End PBXContainerItemProxy section */

/* Begin PBXFileReference section */
		6471D9DB1AA180A700C5133B /* ALAlert.app */ = {isa = PBXFileReference; explicitFileType = wrapper.application; includeInIndex = 0; path = ALAlert.app; sourceTree = BUILT_PRODUCTS_DIR; };
		6471D9DF1AA180A700C5133B /* Info.plist */ = {isa = PBXFileReference; lastKnownFileType = text.plist.xml; path = Info.plist; sourceTree = "<group>"; };
		6471D9E01AA180A700C5133B /* main.m */ = {isa = PBXFileReference; lastKnownFileType = sourcecode.c.objc; path = main.m; sourceTree = "<group>"; };
		6471D9E21AA180A700C5133B /* AppDelegate.h */ = {isa = PBXFileReference; lastKnownFileType = sourcecode.c.h; path = AppDelegate.h; sourceTree = "<group>"; };
		6471D9E31AA180A700C5133B /* AppDelegate.m */ = {isa = PBXFileReference; lastKnownFileType = sourcecode.c.objc; path = AppDelegate.m; sourceTree = "<group>"; };
		6471D9E51AA180A700C5133B /* ViewController.h */ = {isa = PBXFileReference; lastKnownFileType = sourcecode.c.h; path = ViewController.h; sourceTree = "<group>"; };
		6471D9E61AA180A700C5133B /* ViewController.m */ = {isa = PBXFileReference; lastKnownFileType = sourcecode.c.objc; path = ViewController.m; sourceTree = "<group>"; };
		6471D9E91AA180A700C5133B /* Base */ = {isa = PBXFileReference; lastKnownFileType = file.storyboard; name = Base; path = Base.lproj/Main.storyboard; sourceTree = "<group>"; };
		6471D9EB1AA180A700C5133B /* Images.xcassets */ = {isa = PBXFileReference; lastKnownFileType = folder.assetcatalog; path = Images.xcassets; sourceTree = "<group>"; };
		6471D9EE1AA180A700C5133B /* Base */ = {isa = PBXFileReference; lastKnownFileType = file.xib; name = Base; path = Base.lproj/LaunchScreen.xib; sourceTree = "<group>"; };
		6471D9F41AA180A800C5133B /* ALAlertTests.xctest */ = {isa = PBXFileReference; explicitFileType = wrapper.cfbundle; includeInIndex = 0; path = ALAlertTests.xctest; sourceTree = BUILT_PRODUCTS_DIR; };
		6471D9F91AA180A800C5133B /* Info.plist */ = {isa = PBXFileReference; lastKnownFileType = text.plist.xml; path = Info.plist; sourceTree = "<group>"; };
		6471D9FA1AA180A800C5133B /* ALAlertTests.m */ = {isa = PBXFileReference; lastKnownFileType = sourcecode.c.objc; path = ALAlertTests.m; sourceTree = "<group>"; };
		6471DA041AA1811800C5133B /* ALAlertView.h */ = {isa = PBXFileReference; fileEncoding = 4; lastKnownFileType = sourcecode.c.h; path = ALAlertView.h; sourceTree = "<group>"; };
		6471DA051AA1811800C5133B /* ALAlertView.m */ = {isa = PBXFileReference; fileEncoding = 4; lastKnownFileType = sourcecode.c.objc; path = ALAlertView.m; sourceTree = "<group>"; };
		6471DA061AA1811800C5133B /* ALAlertView.xib */ = {isa = PBXFileReference; fileEncoding = 4; lastKnownFileType = file.xib; path = ALAlertView.xib; sourceTree = "<group>"; };
/* End PBXFileReference section */

/* Begin PBXFrameworksBuildPhase section */
		6471D9D81AA180A700C5133B /* Frameworks */ = {
			isa = PBXFrameworksBuildPhase;
			buildActionMask = 2147483647;
			files = (
			);
			runOnlyForDeploymentPostprocessing = 0;
		};
		6471D9F11AA180A800C5133B /* Frameworks */ = {
			isa = PBXFrameworksBuildPhase;
			buildActionMask = 2147483647;
			files = (
			);
			runOnlyForDeploymentPostprocessing = 0;
		};
/* End PBXFrameworksBuildPhase section */

/* Begin PBXGroup section */
		6471D9D21AA180A700C5133B = {
			isa = PBXGroup;
			children = (
				6471DA041AA1811800C5133B /* ALAlertView.h */,
				6471DA051AA1811800C5133B /* ALAlertView.m */,
				6471DA061AA1811800C5133B /* ALAlertView.xib */,
				6471D9DD1AA180A700C5133B /* ALAlert */,
				6471D9F71AA180A800C5133B /* ALAlertTests */,
				6471D9DC1AA180A700C5133B /* Products */,
			);
			sourceTree = "<group>";
		};
		6471D9DC1AA180A700C5133B /* Products */ = {
			isa = PBXGroup;
			children = (
				6471D9DB1AA180A700C5133B /* ALAlert.app */,
				6471D9F41AA180A800C5133B /* ALAlertTests.xctest */,
			);
			name = Products;
			sourceTree = "<group>";
		};
		6471D9DD1AA180A700C5133B /* ALAlert */ = {
			isa = PBXGroup;
			children = (
				6471D9E21AA180A700C5133B /* AppDelegate.h */,
				6471D9E31AA180A700C5133B /* AppDelegate.m */,
				6471D9E51AA180A700C5133B /* ViewController.h */,
				6471D9E61AA180A700C5133B /* ViewController.m */,
				6471D9E81AA180A700C5133B /* Main.storyboard */,
				6471D9EB1AA180A700C5133B /* Images.xcassets */,
				6471D9ED1AA180A700C5133B /* LaunchScreen.xib */,
				6471D9DE1AA180A700C5133B /* Supporting Files */,
			);
			path = ALAlert;
			sourceTree = "<group>";
		};
		6471D9DE1AA180A700C5133B /* Supporting Files */ = {
			isa = PBXGroup;
			children = (
				6471D9DF1AA180A700C5133B /* Info.plist */,
				6471D9E01AA180A700C5133B /* main.m */,
			);
			name = "Supporting Files";
			sourceTree = "<group>";
		};
		6471D9F71AA180A800C5133B /* ALAlertTests */ = {
			isa = PBXGroup;
			children = (
				6471D9FA1AA180A800C5133B /* ALAlertTests.m */,
				6471D9F81AA180A800C5133B /* Supporting Files */,
			);
			path = ALAlertTests;
			sourceTree = "<group>";
		};
		6471D9F81AA180A800C5133B /* Supporting Files */ = {
			isa = PBXGroup;
			children = (
				6471D9F91AA180A800C5133B /* Info.plist */,
			);
			name = "Supporting Files";
			sourceTree = "<group>";
		};
/* End PBXGroup section */

/* Begin PBXNativeTarget section */
		6471D9DA1AA180A700C5133B /* ALAlert */ = {
			isa = PBXNativeTarget;
			buildConfigurationList = 6471D9FE1AA180A800C5133B /* Build configuration list for PBXNativeTarget "ALAlert" */;
			buildPhases = (
				6471D9D71AA180A700C5133B /* Sources */,
				6471D9D81AA180A700C5133B /* Frameworks */,
				6471D9D91AA180A700C5133B /* Resources */,
			);
			buildRules = (
			);
			dependencies = (
			);
			name = ALAlert;
			productName = ALAlert;
			productReference = 6471D9DB1AA180A700C5133B /* ALAlert.app */;
			productType = "com.apple.product-type.application";
		};
		6471D9F31AA180A800C5133B /* ALAlertTests */ = {
			isa = PBXNativeTarget;
			buildConfigurationList = 6471DA011AA180A800C5133B /* Build configuration list for PBXNativeTarget "ALAlertTests" */;
			buildPhases = (
				6471D9F01AA180A800C5133B /* Sources */,
				6471D9F11AA180A800C5133B /* Frameworks */,
				6471D9F21AA180A800C5133B /* Resources */,
			);
			buildRules = (
			);
			dependencies = (
				6471D9F61AA180A800C5133B /* PBXTargetDependency */,
			);
			name = ALAlertTests;
			productName = ALAlertTests;
			productReference = 6471D9F41AA180A800C5133B /* ALAlertTests.xctest */;
			productType = "com.apple.product-type.bundle.unit-test";
		};
/* End PBXNativeTarget section */

/* Begin PBXProject section */
		6471D9D31AA180A700C5133B /* Project object */ = {
			isa = PBXProject;
			attributes = {
				LastUpgradeCheck = 0610;
				ORGANIZATIONNAME = Alvin;
				TargetAttributes = {
					6471D9DA1AA180A700C5133B = {
						CreatedOnToolsVersion = 6.1.1;
					};
					6471D9F31AA180A800C5133B = {
						CreatedOnToolsVersion = 6.1.1;
						TestTargetID = 6471D9DA1AA180A700C5133B;
					};
				};
			};
			buildConfigurationList = 6471D9D61AA180A700C5133B /* Build configuration list for PBXProject "ALAlert" */;
			compatibilityVersion = "Xcode 3.2";
			developmentRegion = English;
			hasScannedForEncodings = 0;
			knownRegions = (
				en,
				Base,
			);
			mainGroup = 6471D9D21AA180A700C5133B;
			productRefGroup = 6471D9DC1AA180A700C5133B /* Products */;
			projectDirPath = "";
			projectRoot = "";
			targets = (
				6471D9DA1AA180A700C5133B /* ALAlert */,
				6471D9F31AA180A800C5133B /* ALAlertTests */,
			);
		};
/* End PBXProject section */

/* Begin PBXResourcesBuildPhase section */
		6471D9D91AA180A700C5133B /* Resources */ = {
			isa = PBXResourcesBuildPhase;
			buildActionMask = 2147483647;
			files = (
				6471DA081AA1811800C5133B /* ALAlertView.xib in Resources */,
				6471D9EA1AA180A700C5133B /* Main.storyboard in Resources */,
				6471D9EF1AA180A700C5133B /* LaunchScreen.xib in Resources */,
				6471D9EC1AA180A700C5133B /* Images.xcassets in Resources */,
			);
			runOnlyForDeploymentPostprocessing = 0;
		};
		6471D9F21AA180A800C5133B /* Resources */ = {
			isa = PBXResourcesBuildPhase;
			buildActionMask = 2147483647;
			files = (
			);
			runOnlyForDeploymentPostprocessing = 0;
		};
/* End PBXResourcesBuildPhase section */

/* Begin PBXSourcesBuildPhase section */
		6471D9D71AA180A700C5133B /* Sources */ = {
			isa = PBXSourcesBuildPhase;
			buildActionMask = 2147483647;
			files = (
				6471DA071AA1811800C5133B /* ALAlertView.m in Sources */,
				6471D9E71AA180A700C5133B /* ViewController.m in Sources */,
				6471D9E41AA180A700C5133B /* AppDelegate.m in Sources */,
				6471D9E11AA180A700C5133B /* main.m in Sources */,
			);
			runOnlyForDeploymentPostprocessing = 0;
		};
		6471D9F01AA180A800C5133B /* Sources */ = {
			isa = PBXSourcesBuildPhase;
			buildActionMask = 2147483647;
			files = (
				6471D9FB1AA180A800C5133B /* ALAlertTests.m in Sources */,
			);
			runOnlyForDeploymentPostprocessing = 0;
		};
/* End PBXSourcesBuildPhase section */

/* Begin PBXTargetDependency section */
		6471D9F61AA180A800C5133B /* PBXTargetDependency */ = {
			isa = PBXTargetDependency;
			target = 6471D9DA1AA180A700C5133B /* ALAlert */;
			targetProxy = 6471D9F51AA180A800C5133B /* PBXContainerItemProxy */;
		};
/* End PBXTargetDependency section */

/* Begin PBXVariantGroup section */
		6471D9E81AA180A700C5133B /* Main.storyboard */ = {
			isa = PBXVariantGroup;
			children = (
				6471D9E91AA180A700C5133B /* Base */,
			);
			name = Main.storyboard;
			sourceTree = "<group>";
		};
		6471D9ED1AA180A700C5133B /* LaunchScreen.xib */ = {
			isa = PBXVariantGroup;
			children = (
				6471D9EE1AA180A700C5133B /* Base */,
			);
			name = LaunchScreen.xib;
			sourceTree = "<group>";
		};
/* End PBXVariantGroup section */

/* Begin XCBuildConfiguration section */
		6471D9FC1AA180A800C5133B /* Debug */ = {
			isa = XCBuildConfiguration;
			buildSettings = {
				ALWAYS_SEARCH_USER_PATHS = NO;
				CLANG_CXX_LANGUAGE_STANDARD = "gnu++0x";
				CLANG_CXX_LIBRARY = "libc++";
				CLANG_ENABLE_MODULES = YES;
				CLANG_ENABLE_OBJC_ARC = YES;
				CLANG_WARN_BOOL_CONVERSION = YES;
				CLANG_WARN_CONSTANT_CONVERSION = YES;
				CLANG_WARN_DIRECT_OBJC_ISA_USAGE = YES_ERROR;
				CLANG_WARN_EMPTY_BODY = YES;
				CLANG_WARN_ENUM_CONVERSION = YES;
				CLANG_WARN_INT_CONVERSION = YES;
				CLANG_WARN_OBJC_ROOT_CLASS = YES_ERROR;
				CLANG_WARN_UNREACHABLE_CODE = YES;
				CLANG_WARN__DUPLICATE_METHOD_MATCH = YES;
				"CODE_SIGN_IDENTITY[sdk=iphoneos*]" = "iPhone Developer";
				COPY_PHASE_STRIP = NO;
				ENABLE_STRICT_OBJC_MSGSEND = YES;
				GCC_C_LANGUAGE_STANDARD = gnu99;
				GCC_DYNAMIC_NO_PIC = NO;
				GCC_OPTIMIZATION_LEVEL = 0;
				GCC_PREPROCESSOR_DEFINITIONS = (
					"DEBUG=1",
					"$(inherited)",
				);
				GCC_SYMBOLS_PRIVATE_EXTERN = NO;
				GCC_WARN_64_TO_32_BIT_CONVERSION = YES;
				GCC_WARN_ABOUT_RETURN_TYPE = YES_ERROR;
				GCC_WARN_UNDECLARED_SELECTOR = YES;
				GCC_WARN_UNINITIALIZED_AUTOS = YES_AGGRESSIVE;
				GCC_WARN_UNUSED_FUNCTION = YES;
				GCC_WARN_UNUSED_VARIABLE = YES;
				IPHONEOS_DEPLOYMENT_TARGET = 6.0;
				MTL_ENABLE_DEBUG_INFO = YES;
				ONLY_ACTIVE_ARCH = YES;
				SDKROOT = iphoneos;
			};
			name = Debug;
		};
		6471D9FD1AA180A800C5133B /* Release */ = {
			isa = XCBuildConfiguration;
			buildSettings = {
				ALWAYS_SEARCH_USER_PATHS = NO;
				CLANG_CXX_LANGUAGE_STANDARD = "gnu++0x";
				CLANG_CXX_LIBRARY = "libc++";
				CLANG_ENABLE_MODULES = YES;
				CLANG_ENABLE_OBJC_ARC = YES;
				CLANG_WARN_BOOL_CONVERSION = YES;
				CLANG_WARN_CONSTANT_CONVERSION = YES;
				CLANG_WARN_DIRECT_OBJC_ISA_USAGE = YES_ERROR;
				CLANG_WARN_EMPTY_BODY = YES;
				CLANG_WARN_ENUM_CONVERSION = YES;
				CLANG_WARN_INT_CONVERSION = YES;
				CLANG_WARN_OBJC_ROOT_CLASS = YES_ERROR;
				CLANG_WARN_UNREACHABLE_CODE = YES;
				CLANG_WARN__DUPLICATE_METHOD_MATCH = YES;
				"CODE_SIGN_IDENTITY[sdk=iphoneos*]" = "iPhone Developer";
				COPY_PHASE_STRIP = YES;
				ENABLE_NS_ASSERTIONS = NO;
				ENABLE_STRICT_OBJC_MSGSEND = YES;
				GCC_C_LANGUAGE_STANDARD = gnu99;
				GCC_WARN_64_TO_32_BIT_CONVERSION = YES;
				GCC_WARN_ABOUT_RETURN_TYPE = YES_ERROR;
				GCC_WARN_UNDECLARED_SELECTOR = YES;
				GCC_WARN_UNINITIALIZED_AUTOS = YES_AGGRESSIVE;
				GCC_WARN_UNUSED_FUNCTION = YES;
				GCC_WARN_UNUSED_VARIABLE = YES;
				IPHONEOS_DEPLOYMENT_TARGET = 6.0;
				MTL_ENABLE_DEBUG_INFO = NO;
				SDKROOT = iphoneos;
				VALIDATE_PRODUCT = YES;
			};
			name = Release;
		};
		6471D9FF1AA180A800C5133B /* Debug */ = {
			isa = XCBuildConfiguration;
			buildSettings = {
				ASSETCATALOG_COMPILER_APPICON_NAME = AppIcon;
				INFOPLIST_FILE = ALAlert/Info.plist;
				IPHONEOS_DEPLOYMENT_TARGET = 6.0;
				LD_RUNPATH_SEARCH_PATHS = "$(inherited) @executable_path/Frameworks";
				PRODUCT_NAME = "$(TARGET_NAME)";
			};
			name = Debug;
		};
		6471DA001AA180A800C5133B /* Release */ = {
			isa = XCBuildConfiguration;
			buildSettings = {
				ASSETCATALOG_COMPILER_APPICON_NAME = AppIcon;
				INFOPLIST_FILE = ALAlert/Info.plist;
				IPHONEOS_DEPLOYMENT_TARGET = 6.0;
				LD_RUNPATH_SEARCH_PATHS = "$(inherited) @executable_path/Frameworks";
				PRODUCT_NAME = "$(TARGET_NAME)";
			};
			name = Release;
		};
		6471DA021AA180A800C5133B /* Debug */ = {
			isa = XCBuildConfiguration;
			buildSettings = {
				BUNDLE_LOADER = "$(TEST_HOST)";
				FRAMEWORK_SEARCH_PATHS = (
					"$(SDKROOT)/Developer/Library/Frameworks",
					"$(inherited)",
				);
				GCC_PREPROCESSOR_DEFINITIONS = (
					"DEBUG=1",
					"$(inherited)",
				);
				INFOPLIST_FILE = ALAlertTests/Info.plist;
				LD_RUNPATH_SEARCH_PATHS = "$(inherited) @executable_path/Frameworks @loader_path/Frameworks";
				PRODUCT_NAME = "$(TARGET_NAME)";
				TEST_HOST = "$(BUILT_PRODUCTS_DIR)/ALAlert.app/ALAlert";
			};
			name = Debug;
		};
		6471DA031AA180A800C5133B /* Release */ = {
			isa = XCBuildConfiguration;
			buildSettings = {
				BUNDLE_LOADER = "$(TEST_HOST)";
				FRAMEWORK_SEARCH_PATHS = (
					"$(SDKROOT)/Developer/Library/Frameworks",
					"$(inherited)",
				);
				INFOPLIST_FILE = ALAlertTests/Info.plist;
				LD_RUNPATH_SEARCH_PATHS = "$(inherited) @executable_path/Frameworks @loader_path/Frameworks";
				PRODUCT_NAME = "$(TARGET_NAME)";
				TEST_HOST = "$(BUILT_PRODUCTS_DIR)/ALAlert.app/ALAlert";
			};
			name = Release;
		};
/* End XCBuildConfiguration section */

/* Begin XCConfigurationList section */
		6471D9D61AA180A700C5133B /* Build configuration list for PBXProject "ALAlert" */ = {
			isa = XCConfigurationList;
			buildConfigurations = (
				6471D9FC1AA180A800C5133B /* Debug */,
				6471D9FD1AA180A800C5133B /* Release */,
			);
			defaultConfigurationIsVisible = 0;
			defaultConfigurationName = Release;
		};
		6471D9FE1AA180A800C5133B /* Build configuration list for PBXNativeTarget "ALAlert" */ = {
			isa = XCConfigurationList;
			buildConfigurations = (
				6471D9FF1AA180A800C5133B /* Debug */,
				6471DA001AA180A800C5133B /* Release */,
			);
			defaultConfigurationIsVisible = 0;
			defaultConfigurationName = Release;
		};
		6471DA011AA180A800C5133B /* Build configuration list for PBXNativeTarget "ALAlertTests" */ = {
			isa = XCConfigurationList;
			buildConfigurations = (
				6471DA021AA180A800C5133B /* Debug */,
				6471DA031AA180A800C5133B /* Release */,
			);
			defaultConfigurationIsVisible = 0;
			defaultConfigurationName = Release;
		};
/* End XCConfigurationList section */
	};
	rootObject = 6471D9D31AA180A700C5133B /* Project object */;
}
